
Microsoft Visual Studio Solution File, Format Version 12.00
# Visual Studio 15
VisualStudioVersion = 15.0.27130.2036
MinimumVisualStudioVersion = 10.0.40219.1
Project("{F184B08F-C81C-45F6-A57F-5ABD9991F28F}") = "SESTicket", "SESTicket\SESTicket.vbproj", "{B5D70D5B-28AF-4C3E-AE63-8B3F80B47BD8}"
EndProject
Global
	GlobalSection(SolutionConfigurationPlatforms) = preSolution
		Debug|Any CPU = Debug|Any CPU
		Release|Any CPU = Release|Any CPU
	EndGlobalSection
	GlobalSection(ProjectConfigurationPlatforms) = postSolution
		{B5D70D5B-28AF-4C3E-AE63-8B3F80B47BD8}.Debug|Any CPU.ActiveCfg = Debug|Any CPU
		{B5D70D5B-28AF-4C3E-AE63-8B3F80B47BD8}.Debug|Any CPU.Build.0 = Debug|Any CPU
		{B5D70D5B-28AF-4C3E-AE63-8B3F80B47BD8}.Release|Any CPU.ActiveCfg = Release|Any CPU
		{B5D70D5B-28AF-4C3E-AE63-8B3F80B47BD8}.Release|Any CPU.Build.0 = Release|Any CPU
	EndGlobalSection
	GlobalSection(SolutionProperties) = preSolution
		HideSolutionNode = FALSE
	EndGlobalSection
	GlobalSection(ExtensibilityGlobals) = postSolution
		SolutionGuid = {D3EC25A5-855C-467F-849B-A15AFC746AC9}
	EndGlobalSection
	GlobalSection(TeamFoundationVersionControl) = preSolution
		SccNumberOfProjects = 2
		SccEnterpriseProvider = {4CA58AB2-18FA-4F8D-95D4-32DDF27D184C}
		SccTeamFoundationServer = http://austfsapp01:8080/tfs/latam
		SccLocalPath0 = .
		SccProjectUniqueName1 = SESTicket\\SESTicket.vbproj
		SccProjectName1 = SESTicket
		SccLocalPath1 = SESTicket
	EndGlobalSection
EndGlobal
